// !$*UTF8*$!
{
	archiveVersion = 1;
	classes = {
	};
	objectVersion = 46;
	objects = {

/* Begin PBXBuildFile section */
		09A61F461BB58A140081C027 /* main.m in Sources */ = {isa = PBXBuildFile; fileRef = 09A61F451BB58A140081C027 /* main.m */; };
		09A61F491BB58A140081C027 /* AppDelegate.m in Sources */ = {isa = PBXBuildFile; fileRef = 09A61F481BB58A140081C027 /* AppDelegate.m */; };
		09A61F4C1BB58A140081C027 /* ViewController.m in Sources */ = {isa = PBXBuildFile; fileRef = 09A61F4B1BB58A140081C027 /* ViewController.m */; };
		09A61F4F1BB58A140081C027 /* Main.storyboard in Resources */ = {isa = PBXBuildFile; fileRef = 09A61F4D1BB58A140081C027 /* Main.storyboard */; };
		09A61F511BB58A140081C027 /* Images.xcassets in Resources */ = {isa = PBXBuildFile; fileRef = 09A61F501BB58A140081C027 /* Images.xcassets */; };
		09A61F541BB58A140081C027 /* LaunchScreen.xib in Resources */ = {isa = PBXBuildFile; fileRef = 09A61F521BB58A140081C027 /* LaunchScreen.xib */; };
		09A61F601BB58A140081C027 /* WebView_______Tests.m in Sources */ = {isa = PBXBuildFile; fileRef = 09A61F5F1BB58A140081C027 /* WebView_______Tests.m */; };
		09A61F6B1BB58A670081C027 /* NSArray+Log.m in Sources */ = {isa = PBXBuildFile; fileRef = 09A61F6A1BB58A670081C027 /* NSArray+Log.m */; };
		09A61F6D1BB58BC10081C027 /* news.css in Resources */ = {isa = PBXBuildFile; fileRef = 09A61F6C1BB58BC10081C027 /* news.css */; };
/* End PBXBuildFile section */

/* Begin PBXContainerItemProxy section */
		09A61F5A1BB58A140081C027 /* PBXContainerItemProxy */ = {
			isa = PBXContainerItemProxy;
			containerPortal = 09A61F381BB58A140081C027 /* Project object */;
			proxyType = 1;
			remoteGlobalIDString = 09A61F3F1BB58A140081C027;
			remoteInfo = "WebView-新闻详情页面";
		};
/* End PBXContainerItemProxy section */

/* Begin PBXFileReference section */
		09A61F401BB58A140081C027 /* WebView-新闻详情页面.app */ = {isa = PBXFileReference; explicitFileType = wrapper.application; includeInIndex = 0; path = "WebView-新闻详情页面.app"; sourceTree = BUILT_PRODUCTS_DIR; };
		09A61F441BB58A140081C027 /* Info.plist */ = {isa = PBXFileReference; lastKnownFileType = text.plist.xml; path = Info.plist; sourceTree = "<group>"; };
		09A61F451BB58A140081C027 /* main.m */ = {isa = PBXFileReference; lastKnownFileType = sourcecode.c.objc; path = main.m; sourceTree = "<group>"; };
		09A61F471BB58A140081C027 /* AppDelegate.h */ = {isa = PBXFileReference; lastKnownFileType = sourcecode.c.h; path = AppDelegate.h; sourceTree = "<group>"; };
		09A61F481BB58A140081C027 /* AppDelegate.m */ = {isa = PBXFileReference; lastKnownFileType = sourcecode.c.objc; path = AppDelegate.m; sourceTree = "<group>"; };
		09A61F4A1BB58A140081C027 /* ViewController.h */ = {isa = PBXFileReference; lastKnownFileType = sourcecode.c.h; path = ViewController.h; sourceTree = "<group>"; };
		09A61F4B1BB58A140081C027 /* ViewController.m */ = {isa = PBXFileReference; lastKnownFileType = sourcecode.c.objc; path = ViewController.m; sourceTree = "<group>"; };
		09A61F4E1BB58A140081C027 /* Base */ = {isa = PBXFileReference; lastKnownFileType = file.storyboard; name = Base; path = Base.lproj/Main.storyboard; sourceTree = "<group>"; };
		09A61F501BB58A140081C027 /* Images.xcassets */ = {isa = PBXFileReference; lastKnownFileType = folder.assetcatalog; path = Images.xcassets; sourceTree = "<group>"; };
		09A61F531BB58A140081C027 /* Base */ = {isa = PBXFileReference; lastKnownFileType = file.xib; name = Base; path = Base.lproj/LaunchScreen.xib; sourceTree = "<group>"; };
		09A61F591BB58A140081C027 /* WebView-新闻详情页面Tests.xctest */ = {isa = PBXFileReference; explicitFileType = wrapper.cfbundle; includeInIndex = 0; path = "WebView-新闻详情页面Tests.xctest"; sourceTree = BUILT_PRODUCTS_DIR; };
		09A61F5E1BB58A140081C027 /* Info.plist */ = {isa = PBXFileReference; lastKnownFileType = text.plist.xml; path = Info.plist; sourceTree = "<group>"; };
		09A61F5F1BB58A140081C027 /* WebView_______Tests.m */ = {isa = PBXFileReference; lastKnownFileType = sourcecode.c.objc; path = "WebView_______Tests.m"; sourceTree = "<group>"; };
		09A61F691BB58A670081C027 /* NSArray+Log.h */ = {isa = PBXFileReference; fileEncoding = 4; lastKnownFileType = sourcecode.c.h; path = "NSArray+Log.h"; sourceTree = "<group>"; };
		09A61F6A1BB58A670081C027 /* NSArray+Log.m */ = {isa = PBXFileReference; fileEncoding = 4; lastKnownFileType = sourcecode.c.objc; path = "NSArray+Log.m"; sourceTree = "<group>"; };
		09A61F6C1BB58BC10081C027 /* news.css */ = {isa = PBXFileReference; fileEncoding = 4; lastKnownFileType = text.css; path = news.css; sourceTree = "<group>"; };
/* End PBXFileReference section */

/* Begin PBXFrameworksBuildPhase section */
		09A61F3D1BB58A140081C027 /* Frameworks */ = {
			isa = PBXFrameworksBuildPhase;
			buildActionMask = 2147483647;
			files = (
			);
			runOnlyForDeploymentPostprocessing = 0;
		};
		09A61F561BB58A140081C027 /* Frameworks */ = {
			isa = PBXFrameworksBuildPhase;
			buildActionMask = 2147483647;
			files = (
			);
			runOnlyForDeploymentPostprocessing = 0;
		};
/* End PBXFrameworksBuildPhase section */

/* Begin PBXGroup section */
		09A61F371BB58A140081C027 = {
			isa = PBXGroup;
			children = (
				09A61F421BB58A140081C027 /* WebView-新闻详情页面 */,
				09A61F5C1BB58A140081C027 /* WebView-新闻详情页面Tests */,
				09A61F411BB58A140081C027 /* Products */,
			);
			sourceTree = "<group>";
		};
		09A61F411BB58A140081C027 /* Products */ = {
			isa = PBXGroup;
			children = (
				09A61F401BB58A140081C027 /* WebView-新闻详情页面.app */,
				09A61F591BB58A140081C027 /* WebView-新闻详情页面Tests.xctest */,
			);
			name = Products;
			sourceTree = "<group>";
		};
		09A61F421BB58A140081C027 /* WebView-新闻详情页面 */ = {
			isa = PBXGroup;
			children = (
				09A61F691BB58A670081C027 /* NSArray+Log.h */,
				09A61F6A1BB58A670081C027 /* NSArray+Log.m */,
				09A61F471BB58A140081C027 /* AppDelegate.h */,
				09A61F481BB58A140081C027 /* AppDelegate.m */,
				09A61F4A1BB58A140081C027 /* ViewController.h */,
				09A61F4B1BB58A140081C027 /* ViewController.m */,
				09A61F431BB58A140081C027 /* Supporting Files */,
			);
			path = "WebView-新闻详情页面";
			sourceTree = "<group>";
		};
		09A61F431BB58A140081C027 /* Supporting Files */ = {
			isa = PBXGroup;
			children = (
				09A61F4D1BB58A140081C027 /* Main.storyboard */,
				09A61F501BB58A140081C027 /* Images.xcassets */,
				09A61F521BB58A140081C027 /* LaunchScreen.xib */,
				09A61F6C1BB58BC10081C027 /* news.css */,
				09A61F441BB58A140081C027 /* Info.plist */,
				09A61F451BB58A140081C027 /* main.m */,
			);
			name = "Supporting Files";
			sourceTree = "<group>";
		};
		09A61F5C1BB58A140081C027 /* WebView-新闻详情页面Tests */ = {
			isa = PBXGroup;
			children = (
				09A61F5F1BB58A140081C027 /* WebView_______Tests.m */,
				09A61F5D1BB58A140081C027 /* Supporting Files */,
			);
			path = "WebView-新闻详情页面Tests";
			sourceTree = "<group>";
		};
		09A61F5D1BB58A140081C027 /* Supporting Files */ = {
			isa = PBXGroup;
			children = (
				09A61F5E1BB58A140081C027 /* Info.plist */,
			);
			name = "Supporting Files";
			sourceTree = "<group>";
		};
/* End PBXGroup section */

/* Begin PBXNativeTarget section */
		09A61F3F1BB58A140081C027 /* WebView-新闻详情页面 */ = {
			isa = PBXNativeTarget;
			buildConfigurationList = 09A61F631BB58A140081C027 /* Build configuration list for PBXNativeTarget "WebView-新闻详情页面" */;
			buildPhases = (
				09A61F3C1BB58A140081C027 /* Sources */,
				09A61F3D1BB58A140081C027 /* Frameworks */,
				09A61F3E1BB58A140081C027 /* Resources */,
			);
			buildRules = (
			);
			dependencies = (
			);
			name = "WebView-新闻详情页面";
			productName = "WebView-新闻详情页面";
			productReference = 09A61F401BB58A140081C027 /* WebView-新闻详情页面.app */;
			productType = "com.apple.product-type.application";
		};
		09A61F581BB58A140081C027 /* WebView-新闻详情页面Tests */ = {
			isa = PBXNativeTarget;
			buildConfigurationList = 09A61F661BB58A140081C027 /* Build configuration list for PBXNativeTarget "WebView-新闻详情页面Tests" */;
			buildPhases = (
				09A61F551BB58A140081C027 /* Sources */,
				09A61F561BB58A140081C027 /* Frameworks */,
				09A61F571BB58A140081C027 /* Resources */,
			);
			buildRules = (
			);
			dependencies = (
				09A61F5B1BB58A140081C027 /* PBXTargetDependency */,
			);
			name = "WebView-新闻详情页面Tests";
			productName = "WebView-新闻详情页面Tests";
			productReference = 09A61F591BB58A140081C027 /* WebView-新闻详情页面Tests.xctest */;
			productType = "com.apple.product-type.bundle.unit-test";
		};
/* End PBXNativeTarget section */

/* Begin PBXProject section */
		09A61F381BB58A140081C027 /* Project object */ = {
			isa = PBXProject;
			attributes = {
				LastUpgradeCheck = 0640;
				ORGANIZATIONNAME = "郭伟林";
				TargetAttributes = {
					09A61F3F1BB58A140081C027 = {
						CreatedOnToolsVersion = 6.4;
					};
					09A61F581BB58A140081C027 = {
						CreatedOnToolsVersion = 6.4;
						TestTargetID = 09A61F3F1BB58A140081C027;
					};
				};
			};
			buildConfigurationList = 09A61F3B1BB58A140081C027 /* Build configuration list for PBXProject "WebView-新闻详情页面" */;
			compatibilityVersion = "Xcode 3.2";
			developmentRegion = English;
			hasScannedForEncodings = 0;
			knownRegions = (
				en,
				Base,
			);
			mainGroup = 09A61F371BB58A140081C027;
			productRefGroup = 09A61F411BB58A140081C027 /* Products */;
			projectDirPath = "";
			projectRoot = "";
			targets = (
				09A61F3F1BB58A140081C027 /* WebView-新闻详情页面 */,
				09A61F581BB58A140081C027 /* WebView-新闻详情页面Tests */,
			);
		};
/* End PBXProject section */

/* Begin PBXResourcesBuildPhase section */
		09A61F3E1BB58A140081C027 /* Resources */ = {
			isa = PBXResourcesBuildPhase;
			buildActionMask = 2147483647;
			files = (
				09A61F6D1BB58BC10081C027 /* news.css in Resources */,
				09A61F4F1BB58A140081C027 /* Main.storyboard in Resources */,
				09A61F541BB58A140081C027 /* LaunchScreen.xib in Resources */,
				09A61F511BB58A140081C027 /* Images.xcassets in Resources */,
			);
			runOnlyForDeploymentPostprocessing = 0;
		};
		09A61F571BB58A140081C027 /* Resources */ = {
			isa = PBXResourcesBuildPhase;
			buildActionMask = 2147483647;
			files = (
			);
			runOnlyForDeploymentPostprocessing = 0;
		};
/* End PBXResourcesBuildPhase section */

/* Begin PBXSourcesBuildPhase section */
		09A61F3C1BB58A140081C027 /* Sources */ = {
			isa = PBXSourcesBuildPhase;
			buildActionMask = 2147483647;
			files = (
				09A61F4C1BB58A140081C027 /* ViewController.m in Sources */,
				09A61F6B1BB58A670081C027 /* NSArray+Log.m in Sources */,
				09A61F491BB58A140081C027 /* AppDelegate.m in Sources */,
				09A61F461BB58A140081C027 /* main.m in Sources */,
			);
			runOnlyForDeploymentPostprocessing = 0;
		};
		09A61F551BB58A140081C027 /* Sources */ = {
			isa = PBXSourcesBuildPhase;
			buildActionMask = 2147483647;
			files = (
				09A61F601BB58A140081C027 /* WebView_______Tests.m in Sources */,
			);
			runOnlyForDeploymentPostprocessing = 0;
		};
/* End PBXSourcesBuildPhase section */

/* Begin PBXTargetDependency section */
		09A61F5B1BB58A140081C027 /* PBXTargetDependency */ = {
			isa = PBXTargetDependency;
			target = 09A61F3F1BB58A140081C027 /* WebView-新闻详情页面 */;
			targetProxy = 09A61F5A1BB58A140081C027 /* PBXContainerItemProxy */;
		};
/* End PBXTargetDependency section */

/* Begin PBXVariantGroup section */
		09A61F4D1BB58A140081C027 /* Main.storyboard */ = {
			isa = PBXVariantGroup;
			children = (
				09A61F4E1BB58A140081C027 /* Base */,
			);
			name = Main.storyboard;
			sourceTree = "<group>";
		};
		09A61F521BB58A140081C027 /* LaunchScreen.xib */ = {
			isa = PBXVariantGroup;
			children = (
				09A61F531BB58A140081C027 /* Base */,
			);
			name = LaunchScreen.xib;
			sourceTree = "<group>";
		};
/* End PBXVariantGroup section */

/* Begin XCBuildConfiguration section */
		09A61F611BB58A140081C027 /* Debug */ = {
			isa = XCBuildConfiguration;
			buildSettings = {
				ALWAYS_SEARCH_USER_PATHS = NO;
				CLANG_CXX_LANGUAGE_STANDARD = "gnu++0x";
				CLANG_CXX_LIBRARY = "libc++";
				CLANG_ENABLE_MODULES = YES;
				CLANG_ENABLE_OBJC_ARC = YES;
				CLANG_WARN_BOOL_CONVERSION = YES;
				CLANG_WARN_CONSTANT_CONVERSION = YES;
				CLANG_WARN_DIRECT_OBJC_ISA_USAGE = YES_ERROR;
				CLANG_WARN_EMPTY_BODY = YES;
				CLANG_WARN_ENUM_CONVERSION = YES;
				CLANG_WARN_INT_CONVERSION = YES;
				CLANG_WARN_OBJC_ROOT_CLASS = YES_ERROR;
				CLANG_WARN_UNREACHABLE_CODE = YES;
				CLANG_WARN__DUPLICATE_METHOD_MATCH = YES;
				"CODE_SIGN_IDENTITY[sdk=iphoneos*]" = "iPhone Developer";
				COPY_PHASE_STRIP = NO;
				DEBUG_INFORMATION_FORMAT = "dwarf-with-dsym";
				ENABLE_STRICT_OBJC_MSGSEND = YES;
				GCC_C_LANGUAGE_STANDARD = gnu99;
				GCC_DYNAMIC_NO_PIC = NO;
				GCC_NO_COMMON_BLOCKS = YES;
				GCC_OPTIMIZATION_LEVEL = 0;
				GCC_PREPROCESSOR_DEFINITIONS = (
					"DEBUG=1",
					"$(inherited)",
				);
				GCC_SYMBOLS_PRIVATE_EXTERN = NO;
				GCC_WARN_64_TO_32_BIT_CONVERSION = YES;
				GCC_WARN_ABOUT_RETURN_TYPE = YES_ERROR;
				GCC_WARN_UNDECLARED_SELECTOR = YES;
				GCC_WARN_UNINITIALIZED_AUTOS = YES_AGGRESSIVE;
				GCC_WARN_UNUSED_FUNCTION = YES;
				GCC_WARN_UNUSED_VARIABLE = YES;
				IPHONEOS_DEPLOYMENT_TARGET = 8.4;
				MTL_ENABLE_DEBUG_INFO = YES;
				ONLY_ACTIVE_ARCH = YES;
				SDKROOT = iphoneos;
			};
			name = Debug;
		};
		09A61F621BB58A140081C027 /* Release */ = {
			isa = XCBuildConfiguration;
			buildSettings = {
				ALWAYS_SEARCH_USER_PATHS = NO;
				CLANG_CXX_LANGUAGE_STANDARD = "gnu++0x";
				CLANG_CXX_LIBRARY = "libc++";
				CLANG_ENABLE_MODULES = YES;
				CLANG_ENABLE_OBJC_ARC = YES;
				CLANG_WARN_BOOL_CONVERSION = YES;
				CLANG_WARN_CONSTANT_CONVERSION = YES;
				CLANG_WARN_DIRECT_OBJC_ISA_USAGE = YES_ERROR;
				CLANG_WARN_EMPTY_BODY = YES;
				CLANG_WARN_ENUM_CONVERSION = YES;
				CLANG_WARN_INT_CONVERSION = YES;
				CLANG_WARN_OBJC_ROOT_CLASS = YES_ERROR;
				CLANG_WARN_UNREACHABLE_CODE = YES;
				CLANG_WARN__DUPLICATE_METHOD_MATCH = YES;
				"CODE_SIGN_IDENTITY[sdk=iphoneos*]" = "iPhone Developer";
				COPY_PHASE_STRIP = NO;
				DEBUG_INFORMATION_FORMAT = "dwarf-with-dsym";
				ENABLE_NS_ASSERTIONS = NO;
				ENABLE_STRICT_OBJC_MSGSEND = YES;
				GCC_C_LANGUAGE_STANDARD = gnu99;
				GCC_NO_COMMON_BLOCKS = YES;
				GCC_WARN_64_TO_32_BIT_CONVERSION = YES;
				GCC_WARN_ABOUT_RETURN_TYPE = YES_ERROR;
				GCC_WARN_UNDECLARED_SELECTOR = YES;
				GCC_WARN_UNINITIALIZED_AUTOS = YES_AGGRESSIVE;
				GCC_WARN_UNUSED_FUNCTION = YES;
				GCC_WARN_UNUSED_VARIABLE = YES;
				IPHONEOS_DEPLOYMENT_TARGET = 8.4;
				MTL_ENABLE_DEBUG_INFO = NO;
				SDKROOT = iphoneos;
				VALIDATE_PRODUCT = YES;
			};
			name = Release;
		};
		09A61F641BB58A140081C027 /* Debug */ = {
			isa = XCBuildConfiguration;
			buildSettings = {
				ASSETCATALOG_COMPILER_APPICON_NAME = AppIcon;
				INFOPLIST_FILE = "WebView-新闻详情页面/Info.plist";
				LD_RUNPATH_SEARCH_PATHS = "$(inherited) @executable_path/Frameworks";
				PRODUCT_NAME = "$(TARGET_NAME)";
			};
			name = Debug;
		};
		09A61F651BB58A140081C027 /* Release */ = {
			isa = XCBuildConfiguration;
			buildSettings = {
				ASSETCATALOG_COMPILER_APPICON_NAME = AppIcon;
				INFOPLIST_FILE = "WebView-新闻详情页面/Info.plist";
				LD_RUNPATH_SEARCH_PATHS = "$(inherited) @executable_path/Frameworks";
				PRODUCT_NAME = "$(TARGET_NAME)";
			};
			name = Release;
		};
		09A61F671BB58A140081C027 /* Debug */ = {
			isa = XCBuildConfiguration;
			buildSettings = {
				BUNDLE_LOADER = "$(TEST_HOST)";
				FRAMEWORK_SEARCH_PATHS = (
					"$(SDKROOT)/Developer/Library/Frameworks",
					"$(inherited)",
				);
				GCC_PREPROCESSOR_DEFINITIONS = (
					"DEBUG=1",
					"$(inherited)",
				);
				INFOPLIST_FILE = "WebView-新闻详情页面Tests/Info.plist";
				LD_RUNPATH_SEARCH_PATHS = "$(inherited) @executable_path/Frameworks @loader_path/Frameworks";
				PRODUCT_NAME = "$(TARGET_NAME)";
				TEST_HOST = "$(BUILT_PRODUCTS_DIR)/WebView-新闻详情页面.app/WebView-新闻详情页面";
			};
			name = Debug;
		};
		09A61F681BB58A140081C027 /* Release */ = {
			isa = XCBuildConfiguration;
			buildSettings = {
				BUNDLE_LOADER = "$(TEST_HOST)";
				FRAMEWORK_SEARCH_PATHS = (
					"$(SDKROOT)/Developer/Library/Frameworks",
					"$(inherited)",
				);
				INFOPLIST_FILE = "WebView-新闻详情页面Tests/Info.plist";
				LD_RUNPATH_SEARCH_PATHS = "$(inherited) @executable_path/Frameworks @loader_path/Frameworks";
				PRODUCT_NAME = "$(TARGET_NAME)";
				TEST_HOST = "$(BUILT_PRODUCTS_DIR)/WebView-新闻详情页面.app/WebView-新闻详情页面";
			};
			name = Release;
		};
/* End XCBuildConfiguration section */

/* Begin XCConfigurationList section */
		09A61F3B1BB58A140081C027 /* Build configuration list for PBXProject "WebView-新闻详情页面" */ = {
			isa = XCConfigurationList;
			buildConfigurations = (
				09A61F611BB58A140081C027 /* Debug */,
				09A61F621BB58A140081C027 /* Release */,
			);
			defaultConfigurationIsVisible = 0;
			defaultConfigurationName = Release;
		};
		09A61F631BB58A140081C027 /* Build configuration list for PBXNativeTarget "WebView-新闻详情页面" */ = {
			isa = XCConfigurationList;
			buildConfigurations = (
				09A61F641BB58A140081C027 /* Debug */,
				09A61F651BB58A140081C027 /* Release */,
			);
			defaultConfigurationIsVisible = 0;
			defaultConfigurationName = Release;
		};
		09A61F661BB58A140081C027 /* Build configuration list for PBXNativeTarget "WebView-新闻详情页面Tests" */ = {
			isa = XCConfigurationList;
			buildConfigurations = (
				09A61F671BB58A140081C027 /* Debug */,
				09A61F681BB58A140081C027 /* Release */,
			);
			defaultConfigurationIsVisible = 0;
			defaultConfigurationName = Release;
		};
/* End XCConfigurationList section */
	};
	rootObject = 09A61F381BB58A140081C027 /* Project object */;
}
